
Microsoft Visual Studio Solution File, Format Version 12.00
# Visual Studio Version 16
VisualStudioVersion = 16.0.31515.178
MinimumVisualStudioVersion = 10.0.40219.1
Project("{9A19103F-16F7-4668-BE54-9A1E7A4F7556}") = "password-manager-pro-pam", "password-manager-pro-pam\password-manager-pro-pam.csproj", "{00AF414E-AB66-42F6-9D02-597AB6A0DF63}"
EndProject
Global
 GlobalSection(SolutionConfigurationPlatforms) = preSolution
  Debug|Any CPU = Debug|Any CPU
  Release|Any CPU = Release|Any CPU
 EndGlobalSection
 GlobalSection(ProjectConfigurationPlatforms) = postSolution
  {00AF414E-AB66-42F6-9D02-597AB6A0DF63}.Debug|Any CPU.ActiveCfg = Debug|Any CPU
  {00AF414E-AB66-42F6-9D02-597AB6A0DF63}.Debug|Any CPU.Build.0 = Debug|Any CPU
  {00AF414E-AB66-42F6-9D02-597AB6A0DF63}.Release|Any CPU.ActiveCfg = Release|Any CPU
  {00AF414E-AB66-42F6-9D02-597AB6A0DF63}.Release|Any CPU.Build.0 = Release|Any CPU
 EndGlobalSection
 GlobalSection(SolutionProperties) = preSolution
  HideSolutionNode = FALSE
 EndGlobalSection
 GlobalSection(ExtensibilityGlobals) = postSolution
  SolutionGuid = {924718C4-B817-479F-B799-87E6F1A6863C}
 EndGlobalSection
EndGlobal